
Microsoft Visual Studio Solution File, Format Version 12.00
# Visual Studio Version 17
VisualStudioVersion = 17.7.34031.279
MinimumVisualStudioVersion = 10.0.40219.1
Project("{FAE04EC0-301F-11D3-BF4B-00C04F79EFBC}") = "API", "API\API.csproj", "{DE20BA13-48C7-4441-B172-E4491C6E06E8}"
EndProject
Project("{54A90642-561A-4BB1-A94E-469ADEE60C69}") = "identityclient", "IdentityClient\identityclient.esproj", "{4106D9C7-BD10-4D05-B13A-263EA4BC15FE}"
EndProject
Global
	GlobalSection(SolutionConfigurationPlatforms) = preSolution
		Debug|Any CPU = Debug|Any CPU
		Release|Any CPU = Release|Any CPU
	EndGlobalSection
	GlobalSection(ProjectConfigurationPlatforms) = postSolution
		{DE20BA13-48C7-4441-B172-E4491C6E06E8}.Debug|Any CPU.ActiveCfg = Debug|Any CPU
		{DE20BA13-48C7-4441-B172-E4491C6E06E8}.Debug|Any CPU.Build.0 = Debug|Any CPU
		{DE20BA13-48C7-4441-B172-E4491C6E06E8}.Release|Any CPU.ActiveCfg = Release|Any CPU
		{DE20BA13-48C7-4441-B172-E4491C6E06E8}.Release|Any CPU.Build.0 = Release|Any CPU
		{4106D9C7-BD10-4D05-B13A-263EA4BC15FE}.Debug|Any CPU.ActiveCfg = Debug|Any CPU
		{4106D9C7-BD10-4D05-B13A-263EA4BC15FE}.Debug|Any CPU.Build.0 = Debug|Any CPU
		{4106D9C7-BD10-4D05-B13A-263EA4BC15FE}.Debug|Any CPU.Deploy.0 = Debug|Any CPU
		{4106D9C7-BD10-4D05-B13A-263EA4BC15FE}.Release|Any CPU.ActiveCfg = Release|Any CPU
		{4106D9C7-BD10-4D05-B13A-263EA4BC15FE}.Release|Any CPU.Build.0 = Release|Any CPU
		{4106D9C7-BD10-4D05-B13A-263EA4BC15FE}.Release|Any CPU.Deploy.0 = Release|Any CPU
	EndGlobalSection
	GlobalSection(SolutionProperties) = preSolution
		HideSolutionNode = FALSE
	EndGlobalSection
	GlobalSection(ExtensibilityGlobals) = postSolution
		SolutionGuid = {041FBD87-5F18-424A-84BA-AB5FF2725766}
	EndGlobalSection
EndGlobal
